// !$*UTF8*$!
{
	archiveVersion = 1;
	classes = {
	};
	objectVersion = 50;
	objects = {

/* Begin PBXBuildFile section */
		A6C19C3E2743BD1900EE6842 /* main.swift in Sources */ = {isa = PBXBuildFile; fileRef = A6C19C3D2743BD1900EE6842 /* main.swift */; };
		A6C19C4C2743C34900EE6842 /* StandardAlgorithmsTest.swift in Sources */ = {isa = PBXBuildFile; fileRef = A6C19C4B2743C34900EE6842 /* StandardAlgorithmsTest.swift */; };
		A6C19C542743C41500EE6842 /* SortingTest.swift in Sources */ = {isa = PBXBuildFile; fileRef = A6C19C532743C41500EE6842 /* SortingTest.swift */; };
		A6C19C582743C50B00EE6842 /* Sorting.swift in Sources */ = {isa = PBXBuildFile; fileRef = A6C19C572743C50A00EE6842 /* Sorting.swift */; };
		A6C19C592743C50B00EE6842 /* Sorting.swift in Sources */ = {isa = PBXBuildFile; fileRef = A6C19C572743C50A00EE6842 /* Sorting.swift */; };
		A6E86C3F2750102A00DA566A /* SearchingTest.swift in Sources */ = {isa = PBXBuildFile; fileRef = A6E86C3E2750102A00DA566A /* SearchingTest.swift */; };
		A6E86C422750158200DA566A /* Searching.swift in Sources */ = {isa = PBXBuildFile; fileRef = A6EA43CD274FB24C00416397 /* Searching.swift */; };
/* End PBXBuildFile section */

/* Begin PBXCopyFilesBuildPhase section */
		A6C19C382743BD1900EE6842 /* CopyFiles */ = {
			isa = PBXCopyFilesBuildPhase;
			buildActionMask = 2147483647;
			dstPath = /usr/share/man/man1/;
			dstSubfolderSpec = 0;
			files = (
			);
			runOnlyForDeploymentPostprocessing = 1;
		};
/* End PBXCopyFilesBuildPhase section */

/* Begin PBXFileReference section */
		A6C19C3A2743BD1900EE6842 /* StandardAlgorithmsNew */ = {isa = PBXFileReference; explicitFileType = "compiled.mach-o.executable"; includeInIndex = 0; path = StandardAlgorithmsNew; sourceTree = BUILT_PRODUCTS_DIR; };
		A6C19C3D2743BD1900EE6842 /* main.swift */ = {isa = PBXFileReference; lastKnownFileType = sourcecode.swift; path = main.swift; sourceTree = "<group>"; };
		A6C19C492743C34900EE6842 /* StandardAlgorithmsTest.xctest */ = {isa = PBXFileReference; explicitFileType = wrapper.cfbundle; includeInIndex = 0; path = StandardAlgorithmsTest.xctest; sourceTree = BUILT_PRODUCTS_DIR; };
		A6C19C4B2743C34900EE6842 /* StandardAlgorithmsTest.swift */ = {isa = PBXFileReference; lastKnownFileType = sourcecode.swift; path = StandardAlgorithmsTest.swift; sourceTree = "<group>"; };
		A6C19C4D2743C34A00EE6842 /* Info.plist */ = {isa = PBXFileReference; lastKnownFileType = text.plist.xml; path = Info.plist; sourceTree = "<group>"; };
		A6C19C532743C41500EE6842 /* SortingTest.swift */ = {isa = PBXFileReference; lastKnownFileType = sourcecode.swift; path = SortingTest.swift; sourceTree = "<group>"; };
		A6C19C572743C50A00EE6842 /* Sorting.swift */ = {isa = PBXFileReference; lastKnownFileType = sourcecode.swift; path = Sorting.swift; sourceTree = "<group>"; };
		A6E86C3E2750102A00DA566A /* SearchingTest.swift */ = {isa = PBXFileReference; lastKnownFileType = sourcecode.swift; path = SearchingTest.swift; sourceTree = "<group>"; };
		A6EA43CD274FB24C00416397 /* Searching.swift */ = {isa = PBXFileReference; lastKnownFileType = sourcecode.swift; path = Searching.swift; sourceTree = "<group>"; };
/* End PBXFileReference section */

/* Begin PBXFrameworksBuildPhase section */
		A6C19C372743BD1900EE6842 /* Frameworks */ = {
			isa = PBXFrameworksBuildPhase;
			buildActionMask = 2147483647;
			files = (
			);
			runOnlyForDeploymentPostprocessing = 0;
		};
		A6C19C462743C34900EE6842 /* Frameworks */ = {
			isa = PBXFrameworksBuildPhase;
			buildActionMask = 2147483647;
			files = (
			);
			runOnlyForDeploymentPostprocessing = 0;
		};
/* End PBXFrameworksBuildPhase section */

/* Begin PBXGroup section */
		A6C19C312743BD1900EE6842 = {
			isa = PBXGroup;
			children = (
				A6C19C3C2743BD1900EE6842 /* StandardAlgorithmsNew */,
				A6C19C4A2743C34900EE6842 /* StandardAlgorithmsTest */,
				A6C19C3B2743BD1900EE6842 /* Products */,
			);
			sourceTree = "<group>";
		};
		A6C19C3B2743BD1900EE6842 /* Products */ = {
			isa = PBXGroup;
			children = (
				A6C19C3A2743BD1900EE6842 /* StandardAlgorithmsNew */,
				A6C19C492743C34900EE6842 /* StandardAlgorithmsTest.xctest */,
			);
			name = Products;
			sourceTree = "<group>";
		};
		A6C19C3C2743BD1900EE6842 /* StandardAlgorithmsNew */ = {
			isa = PBXGroup;
			children = (
				A6C19C3D2743BD1900EE6842 /* main.swift */,
				A6C19C572743C50A00EE6842 /* Sorting.swift */,
				A6EA43CD274FB24C00416397 /* Searching.swift */,
			);
			path = StandardAlgorithmsNew;
			sourceTree = "<group>";
		};
		A6C19C4A2743C34900EE6842 /* StandardAlgorithmsTest */ = {
			isa = PBXGroup;
			children = (
				A6C19C4B2743C34900EE6842 /* StandardAlgorithmsTest.swift */,
				A6C19C4D2743C34A00EE6842 /* Info.plist */,
				A6C19C532743C41500EE6842 /* SortingTest.swift */,
				A6E86C3E2750102A00DA566A /* SearchingTest.swift */,
			);
			path = StandardAlgorithmsTest;
			sourceTree = "<group>";
		};
/* End PBXGroup section */

/* Begin PBXNativeTarget section */
		A6C19C392743BD1900EE6842 /* StandardAlgorithmsNew */ = {
			isa = PBXNativeTarget;
			buildConfigurationList = A6C19C412743BD1900EE6842 /* Build configuration list for PBXNativeTarget "StandardAlgorithmsNew" */;
			buildPhases = (
				A6C19C362743BD1900EE6842 /* Sources */,
				A6C19C372743BD1900EE6842 /* Frameworks */,
				A6C19C382743BD1900EE6842 /* CopyFiles */,
			);
			buildRules = (
			);
			dependencies = (
			);
			name = StandardAlgorithmsNew;
			productName = StandardAlgorithmsNew;
			productReference = A6C19C3A2743BD1900EE6842 /* StandardAlgorithmsNew */;
			productType = "com.apple.product-type.tool";
		};
		A6C19C482743C34900EE6842 /* StandardAlgorithmsTest */ = {
			isa = PBXNativeTarget;
			buildConfigurationList = A6C19C4E2743C34A00EE6842 /* Build configuration list for PBXNativeTarget "StandardAlgorithmsTest" */;
			buildPhases = (
				A6C19C452743C34900EE6842 /* Sources */,
				A6C19C462743C34900EE6842 /* Frameworks */,
				A6C19C472743C34900EE6842 /* Resources */,
			);
			buildRules = (
			);
			dependencies = (
			);
			name = StandardAlgorithmsTest;
			productName = StandardAlgorithmsTest;
			productReference = A6C19C492743C34900EE6842 /* StandardAlgorithmsTest.xctest */;
			productType = "com.apple.product-type.bundle.unit-test";
		};
/* End PBXNativeTarget section */

/* Begin PBXProject section */
		A6C19C322743BD1900EE6842 /* Project object */ = {
			isa = PBXProject;
			attributes = {
				LastSwiftUpdateCheck = 1240;
				LastUpgradeCheck = 1240;
				TargetAttributes = {
					A6C19C392743BD1900EE6842 = {
						CreatedOnToolsVersion = 12.4;
					};
					A6C19C482743C34900EE6842 = {
						CreatedOnToolsVersion = 12.4;
					};
				};
			};
			buildConfigurationList = A6C19C352743BD1900EE6842 /* Build configuration list for PBXProject "StandardAlgorithmsNew" */;
			compatibilityVersion = "Xcode 9.3";
			developmentRegion = en;
			hasScannedForEncodings = 0;
			knownRegions = (
				en,
				Base,
			);
			mainGroup = A6C19C312743BD1900EE6842;
			productRefGroup = A6C19C3B2743BD1900EE6842 /* Products */;
			projectDirPath = "";
			projectRoot = "";
			targets = (
				A6C19C392743BD1900EE6842 /* StandardAlgorithmsNew */,
				A6C19C482743C34900EE6842 /* StandardAlgorithmsTest */,
			);
		};
/* End PBXProject section */

/* Begin PBXResourcesBuildPhase section */
		A6C19C472743C34900EE6842 /* Resources */ = {
			isa = PBXResourcesBuildPhase;
			buildActionMask = 2147483647;
			files = (
			);
			runOnlyForDeploymentPostprocessing = 0;
		};
/* End PBXResourcesBuildPhase section */

/* Begin PBXSourcesBuildPhase section */
		A6C19C362743BD1900EE6842 /* Sources */ = {
			isa = PBXSourcesBuildPhase;
			buildActionMask = 2147483647;
			files = (
				A6C19C582743C50B00EE6842 /* Sorting.swift in Sources */,
				A6C19C3E2743BD1900EE6842 /* main.swift in Sources */,
			);
			runOnlyForDeploymentPostprocessing = 0;
		};
		A6C19C452743C34900EE6842 /* Sources */ = {
			isa = PBXSourcesBuildPhase;
			buildActionMask = 2147483647;
			files = (
				A6C19C592743C50B00EE6842 /* Sorting.swift in Sources */,
				A6C19C542743C41500EE6842 /* SortingTest.swift in Sources */,
				A6E86C3F2750102A00DA566A /* SearchingTest.swift in Sources */,
				A6E86C422750158200DA566A /* Searching.swift in Sources */,
				A6C19C4C2743C34900EE6842 /* StandardAlgorithmsTest.swift in Sources */,
			);
			runOnlyForDeploymentPostprocessing = 0;
		};
/* End PBXSourcesBuildPhase section */

/* Begin XCBuildConfiguration section */
		A6C19C3F2743BD1900EE6842 /* Debug */ = {
			isa = XCBuildConfiguration;
			buildSettings = {
				ALWAYS_SEARCH_USER_PATHS = NO;
				CLANG_ANALYZER_NONNULL = YES;
				CLANG_ANALYZER_NUMBER_OBJECT_CONVERSION = YES_AGGRESSIVE;
				CLANG_CXX_LANGUAGE_STANDARD = "gnu++14";
				CLANG_CXX_LIBRARY = "libc++";
				CLANG_ENABLE_MODULES = YES;
				CLANG_ENABLE_OBJC_ARC = YES;
				CLANG_ENABLE_OBJC_WEAK = YES;
				CLANG_WARN_BLOCK_CAPTURE_AUTORELEASING = YES;
				CLANG_WARN_BOOL_CONVERSION = YES;
				CLANG_WARN_COMMA = YES;
				CLANG_WARN_CONSTANT_CONVERSION = YES;
				CLANG_WARN_DEPRECATED_OBJC_IMPLEMENTATIONS = YES;
				CLANG_WARN_DIRECT_OBJC_ISA_USAGE = YES_ERROR;
				CLANG_WARN_DOCUMENTATION_COMMENTS = YES;
				CLANG_WARN_EMPTY_BODY = YES;
				CLANG_WARN_ENUM_CONVERSION = YES;
				CLANG_WARN_INFINITE_RECURSION = YES;
				CLANG_WARN_INT_CONVERSION = YES;
				CLANG_WARN_NON_LITERAL_NULL_CONVERSION = YES;
				CLANG_WARN_OBJC_IMPLICIT_RETAIN_SELF = YES;
				CLANG_WARN_OBJC_LITERAL_CONVERSION = YES;
				CLANG_WARN_OBJC_ROOT_CLASS = YES_ERROR;
				CLANG_WARN_QUOTED_INCLUDE_IN_FRAMEWORK_HEADER = YES;
				CLANG_WARN_RANGE_LOOP_ANALYSIS = YES;
				CLANG_WARN_STRICT_PROTOTYPES = YES;
				CLANG_WARN_SUSPICIOUS_MOVE = YES;
				CLANG_WARN_UNGUARDED_AVAILABILITY = YES_AGGRESSIVE;
				CLANG_WARN_UNREACHABLE_CODE = YES;
				CLANG_WARN__DUPLICATE_METHOD_MATCH = YES;
				COPY_PHASE_STRIP = NO;
				DEBUG_INFORMATION_FORMAT = dwarf;
				ENABLE_STRICT_OBJC_MSGSEND = YES;
				ENABLE_TESTABILITY = YES;
				GCC_C_LANGUAGE_STANDARD = gnu11;
				GCC_DYNAMIC_NO_PIC = NO;
				GCC_NO_COMMON_BLOCKS = YES;
				GCC_OPTIMIZATION_LEVEL = 0;
				GCC_PREPROCESSOR_DEFINITIONS = (
					"DEBUG=1",
					"$(inherited)",
				);
				GCC_WARN_64_TO_32_BIT_CONVERSION = YES;
				GCC_WARN_ABOUT_RETURN_TYPE = YES_ERROR;
				GCC_WARN_UNDECLARED_SELECTOR = YES;
				GCC_WARN_UNINITIALIZED_AUTOS = YES_AGGRESSIVE;
				GCC_WARN_UNUSED_FUNCTION = YES;
				GCC_WARN_UNUSED_VARIABLE = YES;
				MACOSX_DEPLOYMENT_TARGET = 10.15;
				MTL_ENABLE_DEBUG_INFO = INCLUDE_SOURCE;
				MTL_FAST_MATH = YES;
				ONLY_ACTIVE_ARCH = YES;
				SDKROOT = macosx;
				SWIFT_ACTIVE_COMPILATION_CONDITIONS = DEBUG;
				SWIFT_OPTIMIZATION_LEVEL = "-Onone";
			};
			name = Debug;
		};
		A6C19C402743BD1900EE6842 /* Release */ = {
			isa = XCBuildConfiguration;
			buildSettings = {
				ALWAYS_SEARCH_USER_PATHS = NO;
				CLANG_ANALYZER_NONNULL = YES;
				CLANG_ANALYZER_NUMBER_OBJECT_CONVERSION = YES_AGGRESSIVE;
				CLANG_CXX_LANGUAGE_STANDARD = "gnu++14";
				CLANG_CXX_LIBRARY = "libc++";
				CLANG_ENABLE_MODULES = YES;
				CLANG_ENABLE_OBJC_ARC = YES;
				CLANG_ENABLE_OBJC_WEAK = YES;
				CLANG_WARN_BLOCK_CAPTURE_AUTORELEASING = YES;
				CLANG_WARN_BOOL_CONVERSION = YES;
				CLANG_WARN_COMMA = YES;
				CLANG_WARN_CONSTANT_CONVERSION = YES;
				CLANG_WARN_DEPRECATED_OBJC_IMPLEMENTATIONS = YES;
				CLANG_WARN_DIRECT_OBJC_ISA_USAGE = YES_ERROR;
				CLANG_WARN_DOCUMENTATION_COMMENTS = YES;
				CLANG_WARN_EMPTY_BODY = YES;
				CLANG_WARN_ENUM_CONVERSION = YES;
				CLANG_WARN_INFINITE_RECURSION = YES;
				CLANG_WARN_INT_CONVERSION = YES;
				CLANG_WARN_NON_LITERAL_NULL_CONVERSION = YES;
				CLANG_WARN_OBJC_IMPLICIT_RETAIN_SELF = YES;
				CLANG_WARN_OBJC_LITERAL_CONVERSION = YES;
				CLANG_WARN_OBJC_ROOT_CLASS = YES_ERROR;
				CLANG_WARN_QUOTED_INCLUDE_IN_FRAMEWORK_HEADER = YES;
				CLANG_WARN_RANGE_LOOP_ANALYSIS = YES;
				CLANG_WARN_STRICT_PROTOTYPES = YES;
				CLANG_WARN_SUSPICIOUS_MOVE = YES;
				CLANG_WARN_UNGUARDED_AVAILABILITY = YES_AGGRESSIVE;
				CLANG_WARN_UNREACHABLE_CODE = YES;
				CLANG_WARN__DUPLICATE_METHOD_MATCH = YES;
				COPY_PHASE_STRIP = NO;
				DEBUG_INFORMATION_FORMAT = "dwarf-with-dsym";
				ENABLE_NS_ASSERTIONS = NO;
				ENABLE_STRICT_OBJC_MSGSEND = YES;
				GCC_C_LANGUAGE_STANDARD = gnu11;
				GCC_NO_COMMON_BLOCKS = YES;
				GCC_WARN_64_TO_32_BIT_CONVERSION = YES;
				GCC_WARN_ABOUT_RETURN_TYPE = YES_ERROR;
				GCC_WARN_UNDECLARED_SELECTOR = YES;
				GCC_WARN_UNINITIALIZED_AUTOS = YES_AGGRESSIVE;
				GCC_WARN_UNUSED_FUNCTION = YES;
				GCC_WARN_UNUSED_VARIABLE = YES;
				MACOSX_DEPLOYMENT_TARGET = 10.15;
				MTL_ENABLE_DEBUG_INFO = NO;
				MTL_FAST_MATH = YES;
				SDKROOT = macosx;
				SWIFT_COMPILATION_MODE = wholemodule;
				SWIFT_OPTIMIZATION_LEVEL = "-O";
			};
			name = Release;
		};
		A6C19C422743BD1900EE6842 /* Debug */ = {
			isa = XCBuildConfiguration;
			buildSettings = {
				CODE_SIGN_STYLE = Automatic;
				PRODUCT_NAME = "$(TARGET_NAME)";
				SWIFT_VERSION = 5.0;
			};
			name = Debug;
		};
		A6C19C432743BD1900EE6842 /* Release */ = {
			isa = XCBuildConfiguration;
			buildSettings = {
				CODE_SIGN_STYLE = Automatic;
				PRODUCT_NAME = "$(TARGET_NAME)";
				SWIFT_VERSION = 5.0;
			};
			name = Release;
		};
		A6C19C4F2743C34A00EE6842 /* Debug */ = {
			isa = XCBuildConfiguration;
			buildSettings = {
				CODE_SIGN_STYLE = Automatic;
				COMBINE_HIDPI_IMAGES = YES;
				INFOPLIST_FILE = StandardAlgorithmsTest/Info.plist;
				LD_RUNPATH_SEARCH_PATHS = (
					"$(inherited)",
					"@executable_path/../Frameworks",
					"@loader_path/../Frameworks",
				);
				PRODUCT_BUNDLE_IDENTIFIER = com.KJames999.StandardAlgorithmsTest;
				PRODUCT_NAME = "$(TARGET_NAME)";
				SWIFT_VERSION = 5.0;
			};
			name = Debug;
		};
		A6C19C502743C34A00EE6842 /* Release */ = {
			isa = XCBuildConfiguration;
			buildSettings = {
				CODE_SIGN_STYLE = Automatic;
				COMBINE_HIDPI_IMAGES = YES;
				INFOPLIST_FILE = StandardAlgorithmsTest/Info.plist;
				LD_RUNPATH_SEARCH_PATHS = (
					"$(inherited)",
					"@executable_path/../Frameworks",
					"@loader_path/../Frameworks",
				);
				PRODUCT_BUNDLE_IDENTIFIER = com.KJames999.StandardAlgorithmsTest;
				PRODUCT_NAME = "$(TARGET_NAME)";
				SWIFT_VERSION = 5.0;
			};
			name = Release;
		};
/* End XCBuildConfiguration section */

/* Begin XCConfigurationList section */
		A6C19C352743BD1900EE6842 /* Build configuration list for PBXProject "StandardAlgorithmsNew" */ = {
			isa = XCConfigurationList;
			buildConfigurations = (
				A6C19C3F2743BD1900EE6842 /* Debug */,
				A6C19C402743BD1900EE6842 /* Release */,
			);
			defaultConfigurationIsVisible = 0;
			defaultConfigurationName = Release;
		};
		A6C19C412743BD1900EE6842 /* Build configuration list for PBXNativeTarget "StandardAlgorithmsNew" */ = {
			isa = XCConfigurationList;
			buildConfigurations = (
				A6C19C422743BD1900EE6842 /* Debug */,
				A6C19C432743BD1900EE6842 /* Release */,
			);
			defaultConfigurationIsVisible = 0;
			defaultConfigurationName = Release;
		};
		A6C19C4E2743C34A00EE6842 /* Build configuration list for PBXNativeTarget "StandardAlgorithmsTest" */ = {
			isa = XCConfigurationList;
			buildConfigurations = (
				A6C19C4F2743C34A00EE6842 /* Debug */,
				A6C19C502743C34A00EE6842 /* Release */,
			);
			defaultConfigurationIsVisible = 0;
			defaultConfigurationName = Release;
		};
/* End XCConfigurationList section */
	};
	rootObject = A6C19C322743BD1900EE6842 /* Project object */;
}
